
Microsoft Visual Studio Solution File, Format Version 12.00
# Visual Studio Version 17
VisualStudioVersion = 17.10.35013.160
MinimumVisualStudioVersion = 10.0.40219.1
Project("{FAE04EC0-301F-11D3-BF4B-00C04F79EFBC}") = "SingleResponsibilityPrinciple", "SingleResponsibility\SingleResponsibilityPrinciple.csproj", "{6292B954-6EA0-46E4-9BA1-B1F06FA6B470}"
EndProject
Project("{FAE04EC0-301F-11D3-BF4B-00C04F79EFBC}") = "OpenClosedPrinciple", "OpenClosedPrinciple\OpenClosedPrinciple.csproj", "{55F85198-1DCA-44F0-AA52-63F4A2A3CE43}"
EndProject
Project("{FAE04EC0-301F-11D3-BF4B-00C04F79EFBC}") = "LiscovSubstitutionPrinciple", "LiscovSubstitutionPrinciple\LiscovSubstitutionPrinciple.csproj", "{A75C1980-3A21-46B0-8329-DEB5EC500CFF}"
EndProject
Project("{FAE04EC0-301F-11D3-BF4B-00C04F79EFBC}") = "InterfaceSegregationPrinciple", "InterfaceSegregationPrinciple\InterfaceSegregationPrinciple.csproj", "{47CC0F3F-3079-4653-B081-3179424ABAD0}"
EndProject
Project("{FAE04EC0-301F-11D3-BF4B-00C04F79EFBC}") = "DependencyInversionPrinciple", "DependencyInversionPrinciple\DependencyInversionPrinciple.csproj", "{7094471C-C780-4E99-AC40-21981D1BD963}"
EndProject
Global
	GlobalSection(SolutionConfigurationPlatforms) = preSolution
		Debug|Any CPU = Debug|Any CPU
		Release|Any CPU = Release|Any CPU
	EndGlobalSection
	GlobalSection(ProjectConfigurationPlatforms) = postSolution
		{6292B954-6EA0-46E4-9BA1-B1F06FA6B470}.Debug|Any CPU.ActiveCfg = Debug|Any CPU
		{6292B954-6EA0-46E4-9BA1-B1F06FA6B470}.Debug|Any CPU.Build.0 = Debug|Any CPU
		{6292B954-6EA0-46E4-9BA1-B1F06FA6B470}.Release|Any CPU.ActiveCfg = Release|Any CPU
		{6292B954-6EA0-46E4-9BA1-B1F06FA6B470}.Release|Any CPU.Build.0 = Release|Any CPU
		{55F85198-1DCA-44F0-AA52-63F4A2A3CE43}.Debug|Any CPU.ActiveCfg = Debug|Any CPU
		{55F85198-1DCA-44F0-AA52-63F4A2A3CE43}.Debug|Any CPU.Build.0 = Debug|Any CPU
		{55F85198-1DCA-44F0-AA52-63F4A2A3CE43}.Release|Any CPU.ActiveCfg = Release|Any CPU
		{55F85198-1DCA-44F0-AA52-63F4A2A3CE43}.Release|Any CPU.Build.0 = Release|Any CPU
		{A75C1980-3A21-46B0-8329-DEB5EC500CFF}.Debug|Any CPU.ActiveCfg = Debug|Any CPU
		{A75C1980-3A21-46B0-8329-DEB5EC500CFF}.Debug|Any CPU.Build.0 = Debug|Any CPU
		{A75C1980-3A21-46B0-8329-DEB5EC500CFF}.Release|Any CPU.ActiveCfg = Release|Any CPU
		{A75C1980-3A21-46B0-8329-DEB5EC500CFF}.Release|Any CPU.Build.0 = Release|Any CPU
		{47CC0F3F-3079-4653-B081-3179424ABAD0}.Debug|Any CPU.ActiveCfg = Debug|Any CPU
		{47CC0F3F-3079-4653-B081-3179424ABAD0}.Debug|Any CPU.Build.0 = Debug|Any CPU
		{47CC0F3F-3079-4653-B081-3179424ABAD0}.Release|Any CPU.ActiveCfg = Release|Any CPU
		{47CC0F3F-3079-4653-B081-3179424ABAD0}.Release|Any CPU.Build.0 = Release|Any CPU
		{7094471C-C780-4E99-AC40-21981D1BD963}.Debug|Any CPU.ActiveCfg = Debug|Any CPU
		{7094471C-C780-4E99-AC40-21981D1BD963}.Debug|Any CPU.Build.0 = Debug|Any CPU
		{7094471C-C780-4E99-AC40-21981D1BD963}.Release|Any CPU.ActiveCfg = Release|Any CPU
		{7094471C-C780-4E99-AC40-21981D1BD963}.Release|Any CPU.Build.0 = Release|Any CPU
	EndGlobalSection
	GlobalSection(SolutionProperties) = preSolution
		HideSolutionNode = FALSE
	EndGlobalSection
	GlobalSection(ExtensibilityGlobals) = postSolution
		SolutionGuid = {4AAB17CD-36D8-4774-BBA6-C67FDE4E2058}
	EndGlobalSection
EndGlobal
